
Microsoft Visual Studio Solution File, Format Version 12.00
# Visual Studio Version 16
VisualStudioVersion = 16.0.30709.132
MinimumVisualStudioVersion = 10.0.40219.1
Project("{FAE04EC0-301F-11D3-BF4B-00C04F79EFBC}") = "ConsoleApp1", "ConsoleApp1.csproj", "{824E4AEC-AE39-47C1-A67E-949E1062E2E5}"
EndProject
Global
	GlobalSection(SolutionConfigurationPlatforms) = preSolution
		Debug|Any CPU = Debug|Any CPU
		Release|Any CPU = Release|Any CPU
	EndGlobalSection
	GlobalSection(ProjectConfigurationPlatforms) = postSolution
		{824E4AEC-AE39-47C1-A67E-949E1062E2E5}.Debug|Any CPU.ActiveCfg = Debug|Any CPU
		{824E4AEC-AE39-47C1-A67E-949E1062E2E5}.Debug|Any CPU.Build.0 = Debug|Any CPU
		{824E4AEC-AE39-47C1-A67E-949E1062E2E5}.Release|Any CPU.ActiveCfg = Release|Any CPU
		{824E4AEC-AE39-47C1-A67E-949E1062E2E5}.Release|Any CPU.Build.0 = Release|Any CPU
	EndGlobalSection
	GlobalSection(SolutionProperties) = preSolution
		HideSolutionNode = FALSE
	EndGlobalSection
	GlobalSection(ExtensibilityGlobals) = postSolution
		SolutionGuid = {D66BABA6-85A0-4B50-902A-1EDC27BD2437}
	EndGlobalSection
EndGlobal
